
Microsoft Visual Studio Solution File, Format Version 12.00
# Visual Studio Version 16
VisualStudioVersion = 16.0.30907.101
MinimumVisualStudioVersion = 10.0.40219.1
Project("{FAE04EC0-301F-11D3-BF4B-00C04F79EFBC}") = "CRUDLoja", "CRUDLoja\CRUDLoja.csproj", "{EB2ADF75-16C0-48DF-896C-389B3B0FEF10}"
EndProject
Global
	GlobalSection(SolutionConfigurationPlatforms) = preSolution
		Debug|Any CPU = Debug|Any CPU
		Release|Any CPU = Release|Any CPU
	EndGlobalSection
	GlobalSection(ProjectConfigurationPlatforms) = postSolution
		{EB2ADF75-16C0-48DF-896C-389B3B0FEF10}.Debug|Any CPU.ActiveCfg = Debug|Any CPU
		{EB2ADF75-16C0-48DF-896C-389B3B0FEF10}.Debug|Any CPU.Build.0 = Debug|Any CPU
		{EB2ADF75-16C0-48DF-896C-389B3B0FEF10}.Release|Any CPU.ActiveCfg = Release|Any CPU
		{EB2ADF75-16C0-48DF-896C-389B3B0FEF10}.Release|Any CPU.Build.0 = Release|Any CPU
	EndGlobalSection
	GlobalSection(SolutionProperties) = preSolution
		HideSolutionNode = FALSE
	EndGlobalSection
	GlobalSection(ExtensibilityGlobals) = postSolution
		SolutionGuid = {847CBF3B-63DC-4C75-B68F-8DDD4F6E5896}
	EndGlobalSection
EndGlobal
